<?xml version="1.0" encoding="utf-8"?>
<Project ToolsVersion="4.0" xmlns="http://schemas.microsoft.com/developer/msbuild/2003">
  <ItemGroup>
    <Filter Include="Source Files">
      <UniqueIdentifier>{4FC737F1-C7A5-4376-A066-2A32D752A2FF}</UniqueIdentifier>
      <Extensions>cpp;c;cc;cxx;c++;cppm;ixx;def;odl;idl;hpj;bat;asm;asmx</Extensions>
    </Filter>
    <Filter Include="Header Files">
      <UniqueIdentifier>{93995380-89BD-4b04-88EB-625FBE52EBFB}</UniqueIdentifier>
      <Extensions>h;hh;hpp;hxx;h++;hm;inl;inc;ipp;xsd</Extensions>
    </Filter>
    <Filter Include="Resource Files">
      <UniqueIdentifier>{67DA6AB6-F800-4c08-8B7A-83BB121AAD01}</UniqueIdentifier>
      <Extensions>rc;ico;cur;bmp;dlg;rc2;rct;bin;rgs;gif;jpg;jpeg;jpe;resx;tiff;tif;png;wav;mfcribbon-ms</Extensions>
    </Filter>
    <Filter Include="SDK">
      <UniqueIdentifier>{b4701801-4a6a-4e0a-be5a-d1aa253f7c17}</UniqueIdentifier>
    </Filter>
    <Filter Include="MinHook">
      <UniqueIdentifier>{784c01ca-9147-49a4-affc-916a9c5a658a}</UniqueIdentifier>
    </Filter>
    <Filter Include="ZeroGUI">
      <UniqueIdentifier>{94f73623-c5d3-4b04-b81e-03e756771845}</UniqueIdentifier>
    </Filter>
    <Filter Include="Cheata">
      <UniqueIdentifier>{4505e3ab-342a-43f2-a3d7-a0b2730a9c8a}</UniqueIdentifier>
    </Filter>
    <Filter Include="Features">
      <UniqueIdentifier>{2d288ed0-5ea6-4957-bac9-4c094ffd479f}</UniqueIdentifier>
    </Filter>
  </ItemGroup>
  <ItemGroup>
    <ClInclude Include="framework.h">
      <Filter>Header Files</Filter>
    </ClInclude>
    <ClInclude Include="pch.h">
      <Filter>Header Files</Filter>
    </ClInclude>
    <ClInclude Include="SDK.h">
      <Filter>SDK</Filter>
    </ClInclude>
    <ClInclude Include="MinHook\MinHook.h">
      <Filter>MinHook</Filter>
    </ClInclude>
    <ClInclude Include="ZeroInput.h">
      <Filter>ZeroGUI</Filter>
    </ClInclude>
    <ClInclude Include="ZeroGUI.h">
      <Filter>ZeroGUI</Filter>
    </ClInclude>
    <ClInclude Include="Menu.h">
      <Filter>ZeroGUI</Filter>
    </ClInclude>
    <ClInclude Include="Cheata\FeatureBase.h">
      <Filter>Header Files</Filter>
    </ClInclude>
    <ClInclude Include="Cheata\Features.h">
      <Filter>Header Files</Filter>
    </ClInclude>
    <ClInclude Include="Cheata\Global.h">
      <Filter>Header Files</Filter>
    </ClInclude>
    <ClInclude Include="Cheata\SharedData.h">
      <Filter>Header Files</Filter>
    </ClInclude>
    <ClInclude Include="Cheata\Utils.h">
      <Filter>Header Files</Filter>
    </ClInclude>
    <ClInclude Include="Features\ChamsFeature.h">
      <Filter>Header Files</Filter>
    </ClInclude>
    <ClInclude Include="Cheata\Detours\detours.h">
      <Filter>Header Files</Filter>
    </ClInclude>
    <ClInclude Include="Cheata\JoinableTaskBase.h">
      <Filter>Header Files</Filter>
    </ClInclude>
    <ClInclude Include="Cheata\Tasks.h">
      <Filter>Header Files</Filter>
    </ClInclude>
    <ClInclude Include="Features\AimbotFeature.h">
      <Filter>Header Files</Filter>
    </ClInclude>
    <ClInclude Include="Tasks\LevelsLoopTask.h">
      <Filter>Header Files</Filter>
    </ClInclude>
  </ItemGroup>
  <ItemGroup>
    <ClCompile Include="dllmain.cpp">
      <Filter>Source Files</Filter>
    </ClCompile>
    <ClCompile Include="pch.cpp">
      <Filter>Source Files</Filter>
    </ClCompile>
    <ClCompile Include="SDK\Engine_Package.cpp">
      <Filter>SDK</Filter>
    </ClCompile>
    <ClCompile Include="SDK\CoreUObject_Package.cpp">
      <Filter>SDK</Filter>
    </ClCompile>
    <ClCompile Include="SDK\BasicTypes_Package.cpp">
      <Filter>SDK</Filter>
    </ClCompile>
    <ClCompile Include="SDK\Bones_Package.cpp">
      <Filter>SDK</Filter>
    </ClCompile>
    <ClCompile Include="Menu.cpp">
      <Filter>Source Files</Filter>
    </ClCompile>
    <ClCompile Include="Cheata\FeatureBase.cpp">
      <Filter>Source Files</Filter>
    </ClCompile>
    <ClCompile Include="Cheata\SharedData.cpp">
      <Filter>Source Files</Filter>
    </ClCompile>
    <ClCompile Include="Cheata\Utils.cpp">
      <Filter>Source Files</Filter>
    </ClCompile>
    <ClCompile Include="Features\ChamsFeature.cpp">
      <Filter>Source Files</Filter>
    </ClCompile>
    <ClCompile Include="Cheata\Detours\detours.cpp">
      <Filter>Source Files</Filter>
    </ClCompile>
    <ClCompile Include="Cheata\Detours\disasm.cpp">
      <Filter>Source Files</Filter>
    </ClCompile>
    <ClCompile Include="Cheata\Detours\modules.cpp">
      <Filter>Source Files</Filter>
    </ClCompile>
    <ClCompile Include="Features\AimbotFeature.cpp">
      <Filter>Source Files</Filter>
    </ClCompile>
    <ClCompile Include="SDK\WW3_Package.cpp">
      <Filter>Source Files</Filter>
    </ClCompile>
    <ClCompile Include="Tasks\LevelsLoopTask.cpp">
      <Filter>Source Files</Filter>
    </ClCompile>
  </ItemGroup>
</Project>